
Microsoft Visual Studio Solution File, Format Version 12.00
# Visual Studio Version 16
VisualStudioVersion = 16.0.30114.105
MinimumVisualStudioVersion = 10.0.40219.1
Project("{2150E333-8FDC-42A3-9474-1A3956D46DE8}") = "src", "src", "{66F08924-B3C8-4051-9360-34D5EC57F12D}"
EndProject
Project("{FAE04EC0-301F-11D3-BF4B-00C04F79EFBC}") = "pwXt-cli", "src\pwXt-cli\pwXt-cli.csproj", "{4FC8A960-4941-4A3F-B294-BEF3C051E735}"
EndProject
Project("{2150E333-8FDC-42A3-9474-1A3956D46DE8}") = "tests", "tests", "{5EB42FF2-F195-4227-A0D6-B79BFA4D3461}"
EndProject
Project("{FAE04EC0-301F-11D3-BF4B-00C04F79EFBC}") = "pwXt-cli.Tests", "tests\pwXt-cli.Tests\pwXt-cli.Tests.csproj", "{C63D219D-3D12-4F3C-9CCA-99384965DB95}"
EndProject
Project("{FAE04EC0-301F-11D3-BF4B-00C04F79EFBC}") = "pwXt-ui", "src\pwXt-ui\pwXt-ui.csproj", "{A3E8D5B2-E416-44F6-9D06-0BBA4A44A6E0}"
EndProject
Project("{FAE04EC0-301F-11D3-BF4B-00C04F79EFBC}") = "pwXt-Service", "src\pwXt-Service\pwXt-Service.csproj", "{5CEB708C-A41B-4D8D-916C-F7BC13C2CA76}"
EndProject
Global
	GlobalSection(SolutionConfigurationPlatforms) = preSolution
		Debug|Any CPU = Debug|Any CPU
		Release|Any CPU = Release|Any CPU
	EndGlobalSection
	GlobalSection(SolutionProperties) = preSolution
		HideSolutionNode = FALSE
	EndGlobalSection
	GlobalSection(ProjectConfigurationPlatforms) = postSolution
		{4FC8A960-4941-4A3F-B294-BEF3C051E735}.Debug|Any CPU.ActiveCfg = Debug|Any CPU
		{4FC8A960-4941-4A3F-B294-BEF3C051E735}.Debug|Any CPU.Build.0 = Debug|Any CPU
		{4FC8A960-4941-4A3F-B294-BEF3C051E735}.Release|Any CPU.ActiveCfg = Release|Any CPU
		{4FC8A960-4941-4A3F-B294-BEF3C051E735}.Release|Any CPU.Build.0 = Release|Any CPU
		{C63D219D-3D12-4F3C-9CCA-99384965DB95}.Debug|Any CPU.ActiveCfg = Debug|Any CPU
		{C63D219D-3D12-4F3C-9CCA-99384965DB95}.Debug|Any CPU.Build.0 = Debug|Any CPU
		{C63D219D-3D12-4F3C-9CCA-99384965DB95}.Release|Any CPU.ActiveCfg = Release|Any CPU
		{C63D219D-3D12-4F3C-9CCA-99384965DB95}.Release|Any CPU.Build.0 = Release|Any CPU
		{A3E8D5B2-E416-44F6-9D06-0BBA4A44A6E0}.Debug|Any CPU.ActiveCfg = Debug|Any CPU
		{A3E8D5B2-E416-44F6-9D06-0BBA4A44A6E0}.Debug|Any CPU.Build.0 = Debug|Any CPU
		{A3E8D5B2-E416-44F6-9D06-0BBA4A44A6E0}.Release|Any CPU.ActiveCfg = Release|Any CPU
		{A3E8D5B2-E416-44F6-9D06-0BBA4A44A6E0}.Release|Any CPU.Build.0 = Release|Any CPU
		{5CEB708C-A41B-4D8D-916C-F7BC13C2CA76}.Debug|Any CPU.ActiveCfg = Debug|Any CPU
		{5CEB708C-A41B-4D8D-916C-F7BC13C2CA76}.Debug|Any CPU.Build.0 = Debug|Any CPU
		{5CEB708C-A41B-4D8D-916C-F7BC13C2CA76}.Release|Any CPU.ActiveCfg = Release|Any CPU
		{5CEB708C-A41B-4D8D-916C-F7BC13C2CA76}.Release|Any CPU.Build.0 = Release|Any CPU
	EndGlobalSection
	GlobalSection(NestedProjects) = preSolution
		{4FC8A960-4941-4A3F-B294-BEF3C051E735} = {66F08924-B3C8-4051-9360-34D5EC57F12D}
		{C63D219D-3D12-4F3C-9CCA-99384965DB95} = {5EB42FF2-F195-4227-A0D6-B79BFA4D3461}
		{A3E8D5B2-E416-44F6-9D06-0BBA4A44A6E0} = {66F08924-B3C8-4051-9360-34D5EC57F12D}
		{5CEB708C-A41B-4D8D-916C-F7BC13C2CA76} = {66F08924-B3C8-4051-9360-34D5EC57F12D}
	EndGlobalSection
EndGlobal
